
Microsoft Visual Studio Solution File, Format Version 12.00
# Visual Studio Version 17
VisualStudioVersion = 17.2.32616.157
MinimumVisualStudioVersion = 10.0.40219.1
Project("{FAE04EC0-301F-11D3-BF4B-00C04F79EFBC}") = "mercearia-seu-joao.View", "mercearia-seu-joao.View\mercearia-seu-joao.View.csproj", "{205C9137-0D4A-4BC2-B28B-9543C2347905}"
EndProject
Project("{FAE04EC0-301F-11D3-BF4B-00C04F79EFBC}") = "mercearia-seu-joao.Controller", "mercearia-seu-joao.Controller\mercearia-seu-joao.Controller.csproj", "{5FDEB80C-21BA-4D30-B9A4-6BF6F111B10F}"
EndProject
Project("{FAE04EC0-301F-11D3-BF4B-00C04F79EFBC}") = "mercearia-seu-joao.Model", "mercearia-seu-joao.Model\mercearia-seu-joao.Model.csproj", "{9357147D-D176-40EE-B29D-7FBC4F0787ED}"
EndProject
Global
	GlobalSection(SolutionConfigurationPlatforms) = preSolution
		Debug|Any CPU = Debug|Any CPU
		Release|Any CPU = Release|Any CPU
	EndGlobalSection
	GlobalSection(ProjectConfigurationPlatforms) = postSolution
		{205C9137-0D4A-4BC2-B28B-9543C2347905}.Debug|Any CPU.ActiveCfg = Debug|Any CPU
		{205C9137-0D4A-4BC2-B28B-9543C2347905}.Debug|Any CPU.Build.0 = Debug|Any CPU
		{205C9137-0D4A-4BC2-B28B-9543C2347905}.Release|Any CPU.ActiveCfg = Release|Any CPU
		{205C9137-0D4A-4BC2-B28B-9543C2347905}.Release|Any CPU.Build.0 = Release|Any CPU
		{5FDEB80C-21BA-4D30-B9A4-6BF6F111B10F}.Debug|Any CPU.ActiveCfg = Debug|Any CPU
		{5FDEB80C-21BA-4D30-B9A4-6BF6F111B10F}.Debug|Any CPU.Build.0 = Debug|Any CPU
		{5FDEB80C-21BA-4D30-B9A4-6BF6F111B10F}.Release|Any CPU.ActiveCfg = Release|Any CPU
		{5FDEB80C-21BA-4D30-B9A4-6BF6F111B10F}.Release|Any CPU.Build.0 = Release|Any CPU
		{9357147D-D176-40EE-B29D-7FBC4F0787ED}.Debug|Any CPU.ActiveCfg = Debug|Any CPU
		{9357147D-D176-40EE-B29D-7FBC4F0787ED}.Debug|Any CPU.Build.0 = Debug|Any CPU
		{9357147D-D176-40EE-B29D-7FBC4F0787ED}.Release|Any CPU.ActiveCfg = Release|Any CPU
		{9357147D-D176-40EE-B29D-7FBC4F0787ED}.Release|Any CPU.Build.0 = Release|Any CPU
	EndGlobalSection
	GlobalSection(SolutionProperties) = preSolution
		HideSolutionNode = FALSE
	EndGlobalSection
	GlobalSection(ExtensibilityGlobals) = postSolution
		SolutionGuid = {92726591-949B-43C0-8303-9FC55E2448DF}
	EndGlobalSection
EndGlobal
